<?xml version="1.0" encoding="utf-8"?>
<Project ToolsVersion="4.0" xmlns="http://schemas.microsoft.com/developer/msbuild/2003">
  <ItemGroup>
    <Filter Include="Source Files">
      <UniqueIdentifier>{4FC737F1-C7A5-4376-A066-2A32D752A2FF}</UniqueIdentifier>
      <Extensions>cpp;c;cc;cxx;c++;cppm;ixx;def;odl;idl;hpj;bat;asm;asmx</Extensions>
    </Filter>
    <Filter Include="Header Files">
      <UniqueIdentifier>{93995380-89BD-4b04-88EB-625FBE52EBFB}</UniqueIdentifier>
      <Extensions>h;hh;hpp;hxx;h++;hm;inl;inc;ipp;xsd</Extensions>
    </Filter>
    <Filter Include="Resource Files">
      <UniqueIdentifier>{67DA6AB6-F800-4c08-8B7A-83BB121AAD01}</UniqueIdentifier>
      <Extensions>rc;ico;cur;bmp;dlg;rc2;rct;bin;rgs;gif;jpg;jpeg;jpe;resx;tiff;tif;png;wav;mfcribbon-ms</Extensions>
    </Filter>
    <Filter Include="Header Files\auth">
      <UniqueIdentifier>{de1a561c-edb6-4e62-a44a-ca45ef812d97}</UniqueIdentifier>
    </Filter>
    <Filter Include="Source Files\util">
      <UniqueIdentifier>{61b0bfc1-76fe-42e9-ba88-78b3ecabdb76}</UniqueIdentifier>
    </Filter>
    <Filter Include="Source Files\util\design">
      <UniqueIdentifier>{991028f5-d47d-4f53-ac10-64d3b9d93f2d}</UniqueIdentifier>
    </Filter>
    <Filter Include="Source Files\security">
      <UniqueIdentifier>{e68c9f6a-3707-46f3-9dfe-947efdd7b44b}</UniqueIdentifier>
    </Filter>
  </ItemGroup>
  <ItemGroup>
    <ClCompile Include="main.cpp">
      <Filter>Source Files</Filter>
    </ClCompile>
    <ClCompile Include="print.cpp">
      <Filter>Source Files\util\design</Filter>
    </ClCompile>
    <ClCompile Include="util.cpp">
      <Filter>Source Files\util</Filter>
    </ClCompile>
    <ClCompile Include="protection.cpp">
      <Filter>Source Files\security</Filter>
    </ClCompile>
  </ItemGroup>
  <ItemGroup>
    <ClInclude Include="auth.hpp">
      <Filter>Header Files\auth</Filter>
    </ClInclude>
    <ClInclude Include="keyauth.h">
      <Filter>Source Files</Filter>
    </ClInclude>
    <ClInclude Include="xor.h">
      <Filter>Source Files\security</Filter>
    </ClInclude>
    <ClInclude Include="print.h">
      <Filter>Source Files\util\design</Filter>
    </ClInclude>
    <ClInclude Include="util.h">
      <Filter>Source Files\util</Filter>
    </ClInclude>
    <ClInclude Include="protection.h">
      <Filter>Source Files\security</Filter>
    </ClInclude>
  </ItemGroup>
  <ItemGroup>
    <Library Include="library_x64.lib">
      <Filter>Header Files\auth</Filter>
    </Library>
  </ItemGroup>
</Project>